// !$*UTF8*$!
{
	archiveVersion = 1;
	classes = {
	};
	objectVersion = 55;
	objects = {

/* Begin PBXBuildFile section */
		4A2DDCDA77A3A36A39C6A634 /* Pods_Trivia_Alkemy.framework in Frameworks */ = {isa = PBXBuildFile; fileRef = 0C0D0B4D1F833DDA7CF7E0E7 /* Pods_Trivia_Alkemy.framework */; };
		A23518D728366CA600BFD1E7 /* AppDelegate.swift in Sources */ = {isa = PBXBuildFile; fileRef = A23518D628366CA600BFD1E7 /* AppDelegate.swift */; };
		A23518D928366CA600BFD1E7 /* SceneDelegate.swift in Sources */ = {isa = PBXBuildFile; fileRef = A23518D828366CA600BFD1E7 /* SceneDelegate.swift */; };
		A23518DB28366CA600BFD1E7 /* ViewController.swift in Sources */ = {isa = PBXBuildFile; fileRef = A23518DA28366CA600BFD1E7 /* ViewController.swift */; };
		A23518E028366CAD00BFD1E7 /* Assets.xcassets in Resources */ = {isa = PBXBuildFile; fileRef = A23518DF28366CAD00BFD1E7 /* Assets.xcassets */; };
		A23518E328366CAD00BFD1E7 /* LaunchScreen.storyboard in Resources */ = {isa = PBXBuildFile; fileRef = A23518E128366CAD00BFD1E7 /* LaunchScreen.storyboard */; };
		A23518EC28366DB200BFD1E7 /* InitialViewController.swift in Sources */ = {isa = PBXBuildFile; fileRef = A23518EA28366DB200BFD1E7 /* InitialViewController.swift */; };
		A23518ED28366DB200BFD1E7 /* InitialViewController.xib in Resources */ = {isa = PBXBuildFile; fileRef = A23518EB28366DB200BFD1E7 /* InitialViewController.xib */; };
		A2A6FFCB283684AC00AE73DA /* QuestionViewController.swift in Sources */ = {isa = PBXBuildFile; fileRef = A2A6FFC9283684AC00AE73DA /* QuestionViewController.swift */; };
		A2A6FFCC283684AC00AE73DA /* QuestionViewController.xib in Resources */ = {isa = PBXBuildFile; fileRef = A2A6FFCA283684AC00AE73DA /* QuestionViewController.xib */; };
		A2A6FFCF28368EEA00AE73DA /* TabBarViewController.swift in Sources */ = {isa = PBXBuildFile; fileRef = A2A6FFCE28368EEA00AE73DA /* TabBarViewController.swift */; };
		A2A6FFD228368FFB00AE73DA /* CategoriesViewController.swift in Sources */ = {isa = PBXBuildFile; fileRef = A2A6FFD028368FFB00AE73DA /* CategoriesViewController.swift */; };
		A2A6FFD328368FFB00AE73DA /* CategoriesViewController.xib in Resources */ = {isa = PBXBuildFile; fileRef = A2A6FFD128368FFB00AE73DA /* CategoriesViewController.xib */; };
/* End PBXBuildFile section */

/* Begin PBXFileReference section */
		0C0D0B4D1F833DDA7CF7E0E7 /* Pods_Trivia_Alkemy.framework */ = {isa = PBXFileReference; explicitFileType = wrapper.framework; includeInIndex = 0; path = Pods_Trivia_Alkemy.framework; sourceTree = BUILT_PRODUCTS_DIR; };
		44F669CA3C3F1203FD8D7947 /* Pods-Trivia-Alkemy.release.xcconfig */ = {isa = PBXFileReference; includeInIndex = 1; lastKnownFileType = text.xcconfig; name = "Pods-Trivia-Alkemy.release.xcconfig"; path = "Target Support Files/Pods-Trivia-Alkemy/Pods-Trivia-Alkemy.release.xcconfig"; sourceTree = "<group>"; };
		A23518D328366CA600BFD1E7 /* Trivia-Alkemy.app */ = {isa = PBXFileReference; explicitFileType = wrapper.application; includeInIndex = 0; path = "Trivia-Alkemy.app"; sourceTree = BUILT_PRODUCTS_DIR; };
		A23518D628366CA600BFD1E7 /* AppDelegate.swift */ = {isa = PBXFileReference; lastKnownFileType = sourcecode.swift; path = AppDelegate.swift; sourceTree = "<group>"; };
		A23518D828366CA600BFD1E7 /* SceneDelegate.swift */ = {isa = PBXFileReference; lastKnownFileType = sourcecode.swift; path = SceneDelegate.swift; sourceTree = "<group>"; };
		A23518DA28366CA600BFD1E7 /* ViewController.swift */ = {isa = PBXFileReference; lastKnownFileType = sourcecode.swift; path = ViewController.swift; sourceTree = "<group>"; };
		A23518DF28366CAD00BFD1E7 /* Assets.xcassets */ = {isa = PBXFileReference; lastKnownFileType = folder.assetcatalog; path = Assets.xcassets; sourceTree = "<group>"; };
		A23518E228366CAD00BFD1E7 /* Base */ = {isa = PBXFileReference; lastKnownFileType = file.storyboard; name = Base; path = Base.lproj/LaunchScreen.storyboard; sourceTree = "<group>"; };
		A23518E428366CAD00BFD1E7 /* Info.plist */ = {isa = PBXFileReference; lastKnownFileType = text.plist.xml; path = Info.plist; sourceTree = "<group>"; };
		A23518EA28366DB200BFD1E7 /* InitialViewController.swift */ = {isa = PBXFileReference; lastKnownFileType = sourcecode.swift; path = InitialViewController.swift; sourceTree = "<group>"; };
		A23518EB28366DB200BFD1E7 /* InitialViewController.xib */ = {isa = PBXFileReference; lastKnownFileType = file.xib; path = InitialViewController.xib; sourceTree = "<group>"; };
		A2A6FFC9283684AC00AE73DA /* QuestionViewController.swift */ = {isa = PBXFileReference; lastKnownFileType = sourcecode.swift; path = QuestionViewController.swift; sourceTree = "<group>"; };
		A2A6FFCA283684AC00AE73DA /* QuestionViewController.xib */ = {isa = PBXFileReference; lastKnownFileType = file.xib; path = QuestionViewController.xib; sourceTree = "<group>"; };
		A2A6FFCE28368EEA00AE73DA /* TabBarViewController.swift */ = {isa = PBXFileReference; lastKnownFileType = sourcecode.swift; path = TabBarViewController.swift; sourceTree = "<group>"; };
		A2A6FFD028368FFB00AE73DA /* CategoriesViewController.swift */ = {isa = PBXFileReference; lastKnownFileType = sourcecode.swift; path = CategoriesViewController.swift; sourceTree = "<group>"; };
		A2A6FFD128368FFB00AE73DA /* CategoriesViewController.xib */ = {isa = PBXFileReference; lastKnownFileType = file.xib; path = CategoriesViewController.xib; sourceTree = "<group>"; };
		DF151E98480E7A75C06EC8A2 /* Pods-Trivia-Alkemy.debug.xcconfig */ = {isa = PBXFileReference; includeInIndex = 1; lastKnownFileType = text.xcconfig; name = "Pods-Trivia-Alkemy.debug.xcconfig"; path = "Target Support Files/Pods-Trivia-Alkemy/Pods-Trivia-Alkemy.debug.xcconfig"; sourceTree = "<group>"; };
/* End PBXFileReference section */

/* Begin PBXFrameworksBuildPhase section */
		A23518D028366CA600BFD1E7 /* Frameworks */ = {
			isa = PBXFrameworksBuildPhase;
			buildActionMask = 2147483647;
			files = (
				4A2DDCDA77A3A36A39C6A634 /* Pods_Trivia_Alkemy.framework in Frameworks */,
			);
			runOnlyForDeploymentPostprocessing = 0;
		};
/* End PBXFrameworksBuildPhase section */

/* Begin PBXGroup section */
		5627EFCD217342188B589749 /* Frameworks */ = {
			isa = PBXGroup;
			children = (
				0C0D0B4D1F833DDA7CF7E0E7 /* Pods_Trivia_Alkemy.framework */,
			);
			name = Frameworks;
			sourceTree = "<group>";
		};
		A23518CA28366CA600BFD1E7 = {
			isa = PBXGroup;
			children = (
				A23518D528366CA600BFD1E7 /* Trivia-Alkemy */,
				A23518D428366CA600BFD1E7 /* Products */,
				AAB7C9DB0389B1A712B4A6B4 /* Pods */,
				5627EFCD217342188B589749 /* Frameworks */,
			);
			sourceTree = "<group>";
		};
		A23518D428366CA600BFD1E7 /* Products */ = {
			isa = PBXGroup;
			children = (
				A23518D328366CA600BFD1E7 /* Trivia-Alkemy.app */,
			);
			name = Products;
			sourceTree = "<group>";
		};
		A23518D528366CA600BFD1E7 /* Trivia-Alkemy */ = {
			isa = PBXGroup;
			children = (
				A23518EE28366DBD00BFD1E7 /* Views */,
				A2A6FFCD28368EA900AE73DA /* Controllers */,
				A23518D628366CA600BFD1E7 /* AppDelegate.swift */,
				A23518D828366CA600BFD1E7 /* SceneDelegate.swift */,
				A23518DA28366CA600BFD1E7 /* ViewController.swift */,
				A23518DF28366CAD00BFD1E7 /* Assets.xcassets */,
				A23518E128366CAD00BFD1E7 /* LaunchScreen.storyboard */,
				A23518E428366CAD00BFD1E7 /* Info.plist */,
			);
			path = "Trivia-Alkemy";
			sourceTree = "<group>";
		};
		A23518EE28366DBD00BFD1E7 /* Views */ = {
			isa = PBXGroup;
			children = (
				A23518EA28366DB200BFD1E7 /* InitialViewController.swift */,
				A23518EB28366DB200BFD1E7 /* InitialViewController.xib */,
				A2A6FFC9283684AC00AE73DA /* QuestionViewController.swift */,
				A2A6FFCA283684AC00AE73DA /* QuestionViewController.xib */,
				A2A6FFD028368FFB00AE73DA /* CategoriesViewController.swift */,
				A2A6FFD128368FFB00AE73DA /* CategoriesViewController.xib */,
			);
			path = Views;
			sourceTree = "<group>";
		};
		A2A6FFCD28368EA900AE73DA /* Controllers */ = {
			isa = PBXGroup;
			children = (
				A2A6FFCE28368EEA00AE73DA /* TabBarViewController.swift */,
			);
			path = Controllers;
			sourceTree = "<group>";
		};
		AAB7C9DB0389B1A712B4A6B4 /* Pods */ = {
			isa = PBXGroup;
			children = (
				DF151E98480E7A75C06EC8A2 /* Pods-Trivia-Alkemy.debug.xcconfig */,
				44F669CA3C3F1203FD8D7947 /* Pods-Trivia-Alkemy.release.xcconfig */,
			);
			name = Pods;
			path = Pods;
			sourceTree = "<group>";
		};
/* End PBXGroup section */

/* Begin PBXNativeTarget section */
		A23518D228366CA600BFD1E7 /* Trivia-Alkemy */ = {
			isa = PBXNativeTarget;
			buildConfigurationList = A23518E728366CAD00BFD1E7 /* Build configuration list for PBXNativeTarget "Trivia-Alkemy" */;
			buildPhases = (
				68F1601491CF1E3AE8E3AFB3 /* [CP] Check Pods Manifest.lock */,
				A23518CF28366CA600BFD1E7 /* Sources */,
				A23518D028366CA600BFD1E7 /* Frameworks */,
				A23518D128366CA600BFD1E7 /* Resources */,
				E53B68293EF17CE59E3039C6 /* [CP] Embed Pods Frameworks */,
			);
			buildRules = (
			);
			dependencies = (
			);
			name = "Trivia-Alkemy";
			productName = "Trivia-Alkemy";
			productReference = A23518D328366CA600BFD1E7 /* Trivia-Alkemy.app */;
			productType = "com.apple.product-type.application";
		};
/* End PBXNativeTarget section */

/* Begin PBXProject section */
		A23518CB28366CA600BFD1E7 /* Project object */ = {
			isa = PBXProject;
			attributes = {
				BuildIndependentTargetsInParallel = 1;
				LastSwiftUpdateCheck = 1340;
				LastUpgradeCheck = 1340;
				TargetAttributes = {
					A23518D228366CA600BFD1E7 = {
						CreatedOnToolsVersion = 13.4;
					};
				};
			};
			buildConfigurationList = A23518CE28366CA600BFD1E7 /* Build configuration list for PBXProject "Trivia-Alkemy" */;
			compatibilityVersion = "Xcode 13.0";
			developmentRegion = en;
			hasScannedForEncodings = 0;
			knownRegions = (
				en,
				Base,
			);
			mainGroup = A23518CA28366CA600BFD1E7;
			productRefGroup = A23518D428366CA600BFD1E7 /* Products */;
			projectDirPath = "";
			projectRoot = "";
			targets = (
				A23518D228366CA600BFD1E7 /* Trivia-Alkemy */,
			);
		};
/* End PBXProject section */

/* Begin PBXResourcesBuildPhase section */
		A23518D128366CA600BFD1E7 /* Resources */ = {
			isa = PBXResourcesBuildPhase;
			buildActionMask = 2147483647;
			files = (
				A23518E328366CAD00BFD1E7 /* LaunchScreen.storyboard in Resources */,
				A23518E028366CAD00BFD1E7 /* Assets.xcassets in Resources */,
				A2A6FFD328368FFB00AE73DA /* CategoriesViewController.xib in Resources */,
				A2A6FFCC283684AC00AE73DA /* QuestionViewController.xib in Resources */,
				A23518ED28366DB200BFD1E7 /* InitialViewController.xib in Resources */,
			);
			runOnlyForDeploymentPostprocessing = 0;
		};
/* End PBXResourcesBuildPhase section */

/* Begin PBXShellScriptBuildPhase section */
		68F1601491CF1E3AE8E3AFB3 /* [CP] Check Pods Manifest.lock */ = {
			isa = PBXShellScriptBuildPhase;
			buildActionMask = 2147483647;
			files = (
			);
			inputFileListPaths = (
			);
			inputPaths = (
				"${PODS_PODFILE_DIR_PATH}/Podfile.lock",
				"${PODS_ROOT}/Manifest.lock",
			);
			name = "[CP] Check Pods Manifest.lock";
			outputFileListPaths = (
			);
			outputPaths = (
				"$(DERIVED_FILE_DIR)/Pods-Trivia-Alkemy-checkManifestLockResult.txt",
			);
			runOnlyForDeploymentPostprocessing = 0;
			shellPath = /bin/sh;
			shellScript = "diff \"${PODS_PODFILE_DIR_PATH}/Podfile.lock\" \"${PODS_ROOT}/Manifest.lock\" > /dev/null\nif [ $? != 0 ] ; then\n    # print error to STDERR\n    echo \"error: The sandbox is not in sync with the Podfile.lock. Run 'pod install' or update your CocoaPods installation.\" >&2\n    exit 1\nfi\n# This output is used by Xcode 'outputs' to avoid re-running this script phase.\necho \"SUCCESS\" > \"${SCRIPT_OUTPUT_FILE_0}\"\n";
			showEnvVarsInLog = 0;
		};
		E53B68293EF17CE59E3039C6 /* [CP] Embed Pods Frameworks */ = {
			isa = PBXShellScriptBuildPhase;
			buildActionMask = 2147483647;
			files = (
			);
			inputFileListPaths = (
				"${PODS_ROOT}/Target Support Files/Pods-Trivia-Alkemy/Pods-Trivia-Alkemy-frameworks-${CONFIGURATION}-input-files.xcfilelist",
			);
			name = "[CP] Embed Pods Frameworks";
			outputFileListPaths = (
				"${PODS_ROOT}/Target Support Files/Pods-Trivia-Alkemy/Pods-Trivia-Alkemy-frameworks-${CONFIGURATION}-output-files.xcfilelist",
			);
			runOnlyForDeploymentPostprocessing = 0;
			shellPath = /bin/sh;
			shellScript = "\"${PODS_ROOT}/Target Support Files/Pods-Trivia-Alkemy/Pods-Trivia-Alkemy-frameworks.sh\"\n";
			showEnvVarsInLog = 0;
		};
/* End PBXShellScriptBuildPhase section */

/* Begin PBXSourcesBuildPhase section */
		A23518CF28366CA600BFD1E7 /* Sources */ = {
			isa = PBXSourcesBuildPhase;
			buildActionMask = 2147483647;
			files = (
				A23518DB28366CA600BFD1E7 /* ViewController.swift in Sources */,
				A2A6FFCB283684AC00AE73DA /* QuestionViewController.swift in Sources */,
				A23518D728366CA600BFD1E7 /* AppDelegate.swift in Sources */,
				A23518D928366CA600BFD1E7 /* SceneDelegate.swift in Sources */,
				A2A6FFCF28368EEA00AE73DA /* TabBarViewController.swift in Sources */,
				A2A6FFD228368FFB00AE73DA /* CategoriesViewController.swift in Sources */,
				A23518EC28366DB200BFD1E7 /* InitialViewController.swift in Sources */,
			);
			runOnlyForDeploymentPostprocessing = 0;
		};
/* End PBXSourcesBuildPhase section */

/* Begin PBXVariantGroup section */
		A23518E128366CAD00BFD1E7 /* LaunchScreen.storyboard */ = {
			isa = PBXVariantGroup;
			children = (
				A23518E228366CAD00BFD1E7 /* Base */,
			);
			name = LaunchScreen.storyboard;
			sourceTree = "<group>";
		};
/* End PBXVariantGroup section */

/* Begin XCBuildConfiguration section */
		A23518E528366CAD00BFD1E7 /* Debug */ = {
			isa = XCBuildConfiguration;
			buildSettings = {
				ALWAYS_SEARCH_USER_PATHS = NO;
				CLANG_ANALYZER_NONNULL = YES;
				CLANG_ANALYZER_NUMBER_OBJECT_CONVERSION = YES_AGGRESSIVE;
				CLANG_CXX_LANGUAGE_STANDARD = "gnu++17";
				CLANG_ENABLE_MODULES = YES;
				CLANG_ENABLE_OBJC_ARC = YES;
				CLANG_ENABLE_OBJC_WEAK = YES;
				CLANG_WARN_BLOCK_CAPTURE_AUTORELEASING = YES;
				CLANG_WARN_BOOL_CONVERSION = YES;
				CLANG_WARN_COMMA = YES;
				CLANG_WARN_CONSTANT_CONVERSION = YES;
				CLANG_WARN_DEPRECATED_OBJC_IMPLEMENTATIONS = YES;
				CLANG_WARN_DIRECT_OBJC_ISA_USAGE = YES_ERROR;
				CLANG_WARN_DOCUMENTATION_COMMENTS = YES;
				CLANG_WARN_EMPTY_BODY = YES;
				CLANG_WARN_ENUM_CONVERSION = YES;
				CLANG_WARN_INFINITE_RECURSION = YES;
				CLANG_WARN_INT_CONVERSION = YES;
				CLANG_WARN_NON_LITERAL_NULL_CONVERSION = YES;
				CLANG_WARN_OBJC_IMPLICIT_RETAIN_SELF = YES;
				CLANG_WARN_OBJC_LITERAL_CONVERSION = YES;
				CLANG_WARN_OBJC_ROOT_CLASS = YES_ERROR;
				CLANG_WARN_QUOTED_INCLUDE_IN_FRAMEWORK_HEADER = YES;
				CLANG_WARN_RANGE_LOOP_ANALYSIS = YES;
				CLANG_WARN_STRICT_PROTOTYPES = YES;
				CLANG_WARN_SUSPICIOUS_MOVE = YES;
				CLANG_WARN_UNGUARDED_AVAILABILITY = YES_AGGRESSIVE;
				CLANG_WARN_UNREACHABLE_CODE = YES;
				CLANG_WARN__DUPLICATE_METHOD_MATCH = YES;
				COPY_PHASE_STRIP = NO;
				DEBUG_INFORMATION_FORMAT = dwarf;
				ENABLE_STRICT_OBJC_MSGSEND = YES;
				ENABLE_TESTABILITY = YES;
				GCC_C_LANGUAGE_STANDARD = gnu11;
				GCC_DYNAMIC_NO_PIC = NO;
				GCC_NO_COMMON_BLOCKS = YES;
				GCC_OPTIMIZATION_LEVEL = 0;
				GCC_PREPROCESSOR_DEFINITIONS = (
					"DEBUG=1",
					"$(inherited)",
				);
				GCC_WARN_64_TO_32_BIT_CONVERSION = YES;
				GCC_WARN_ABOUT_RETURN_TYPE = YES_ERROR;
				GCC_WARN_UNDECLARED_SELECTOR = YES;
				GCC_WARN_UNINITIALIZED_AUTOS = YES_AGGRESSIVE;
				GCC_WARN_UNUSED_FUNCTION = YES;
				GCC_WARN_UNUSED_VARIABLE = YES;
				IPHONEOS_DEPLOYMENT_TARGET = 15.5;
				MTL_ENABLE_DEBUG_INFO = INCLUDE_SOURCE;
				MTL_FAST_MATH = YES;
				ONLY_ACTIVE_ARCH = YES;
				SDKROOT = iphoneos;
				SWIFT_ACTIVE_COMPILATION_CONDITIONS = DEBUG;
				SWIFT_OPTIMIZATION_LEVEL = "-Onone";
			};
			name = Debug;
		};
		A23518E628366CAD00BFD1E7 /* Release */ = {
			isa = XCBuildConfiguration;
			buildSettings = {
				ALWAYS_SEARCH_USER_PATHS = NO;
				CLANG_ANALYZER_NONNULL = YES;
				CLANG_ANALYZER_NUMBER_OBJECT_CONVERSION = YES_AGGRESSIVE;
				CLANG_CXX_LANGUAGE_STANDARD = "gnu++17";
				CLANG_ENABLE_MODULES = YES;
				CLANG_ENABLE_OBJC_ARC = YES;
				CLANG_ENABLE_OBJC_WEAK = YES;
				CLANG_WARN_BLOCK_CAPTURE_AUTORELEASING = YES;
				CLANG_WARN_BOOL_CONVERSION = YES;
				CLANG_WARN_COMMA = YES;
				CLANG_WARN_CONSTANT_CONVERSION = YES;
				CLANG_WARN_DEPRECATED_OBJC_IMPLEMENTATIONS = YES;
				CLANG_WARN_DIRECT_OBJC_ISA_USAGE = YES_ERROR;
				CLANG_WARN_DOCUMENTATION_COMMENTS = YES;
				CLANG_WARN_EMPTY_BODY = YES;
				CLANG_WARN_ENUM_CONVERSION = YES;
				CLANG_WARN_INFINITE_RECURSION = YES;
				CLANG_WARN_INT_CONVERSION = YES;
				CLANG_WARN_NON_LITERAL_NULL_CONVERSION = YES;
				CLANG_WARN_OBJC_IMPLICIT_RETAIN_SELF = YES;
				CLANG_WARN_OBJC_LITERAL_CONVERSION = YES;
				CLANG_WARN_OBJC_ROOT_CLASS = YES_ERROR;
				CLANG_WARN_QUOTED_INCLUDE_IN_FRAMEWORK_HEADER = YES;
				CLANG_WARN_RANGE_LOOP_ANALYSIS = YES;
				CLANG_WARN_STRICT_PROTOTYPES = YES;
				CLANG_WARN_SUSPICIOUS_MOVE = YES;
				CLANG_WARN_UNGUARDED_AVAILABILITY = YES_AGGRESSIVE;
				CLANG_WARN_UNREACHABLE_CODE = YES;
				CLANG_WARN__DUPLICATE_METHOD_MATCH = YES;
				COPY_PHASE_STRIP = NO;
				DEBUG_INFORMATION_FORMAT = "dwarf-with-dsym";
				ENABLE_NS_ASSERTIONS = NO;
				ENABLE_STRICT_OBJC_MSGSEND = YES;
				GCC_C_LANGUAGE_STANDARD = gnu11;
				GCC_NO_COMMON_BLOCKS = YES;
				GCC_WARN_64_TO_32_BIT_CONVERSION = YES;
				GCC_WARN_ABOUT_RETURN_TYPE = YES_ERROR;
				GCC_WARN_UNDECLARED_SELECTOR = YES;
				GCC_WARN_UNINITIALIZED_AUTOS = YES_AGGRESSIVE;
				GCC_WARN_UNUSED_FUNCTION = YES;
				GCC_WARN_UNUSED_VARIABLE = YES;
				IPHONEOS_DEPLOYMENT_TARGET = 15.5;
				MTL_ENABLE_DEBUG_INFO = NO;
				MTL_FAST_MATH = YES;
				SDKROOT = iphoneos;
				SWIFT_COMPILATION_MODE = wholemodule;
				SWIFT_OPTIMIZATION_LEVEL = "-O";
				VALIDATE_PRODUCT = YES;
			};
			name = Release;
		};
		A23518E828366CAD00BFD1E7 /* Debug */ = {
			isa = XCBuildConfiguration;
			baseConfigurationReference = DF151E98480E7A75C06EC8A2 /* Pods-Trivia-Alkemy.debug.xcconfig */;
			buildSettings = {
				ASSETCATALOG_COMPILER_APPICON_NAME = AppIcon;
				ASSETCATALOG_COMPILER_GLOBAL_ACCENT_COLOR_NAME = AccentColor;
				CODE_SIGN_STYLE = Automatic;
				CURRENT_PROJECT_VERSION = 1;
				DEVELOPMENT_TEAM = TWCA54VAW5;
				GENERATE_INFOPLIST_FILE = YES;
				INFOPLIST_FILE = "Trivia-Alkemy/Info.plist";
				INFOPLIST_KEY_NSMainNibFile = InitialViewController;
				INFOPLIST_KEY_UIApplicationSupportsIndirectInputEvents = YES;
				INFOPLIST_KEY_UILaunchStoryboardName = LaunchScreen;
				INFOPLIST_KEY_UISupportedInterfaceOrientations_iPad = "UIInterfaceOrientationPortrait UIInterfaceOrientationPortraitUpsideDown UIInterfaceOrientationLandscapeLeft UIInterfaceOrientationLandscapeRight";
				INFOPLIST_KEY_UISupportedInterfaceOrientations_iPhone = "UIInterfaceOrientationPortrait UIInterfaceOrientationLandscapeLeft UIInterfaceOrientationLandscapeRight";
				LD_RUNPATH_SEARCH_PATHS = (
					"$(inherited)",
					"@executable_path/Frameworks",
				);
				MARKETING_VERSION = 1.0;
				PRODUCT_BUNDLE_IDENTIFIER = "com.santiagorodriguezaffonso.Trivia-Alkemy";
				PRODUCT_NAME = "$(TARGET_NAME)";
				SWIFT_EMIT_LOC_STRINGS = YES;
				SWIFT_VERSION = 5.0;
				TARGETED_DEVICE_FAMILY = "1,2";
			};
			name = Debug;
		};
		A23518E928366CAD00BFD1E7 /* Release */ = {
			isa = XCBuildConfiguration;
			baseConfigurationReference = 44F669CA3C3F1203FD8D7947 /* Pods-Trivia-Alkemy.release.xcconfig */;
			buildSettings = {
				ASSETCATALOG_COMPILER_APPICON_NAME = AppIcon;
				ASSETCATALOG_COMPILER_GLOBAL_ACCENT_COLOR_NAME = AccentColor;
				CODE_SIGN_STYLE = Automatic;
				CURRENT_PROJECT_VERSION = 1;
				DEVELOPMENT_TEAM = TWCA54VAW5;
				GENERATE_INFOPLIST_FILE = YES;
				INFOPLIST_FILE = "Trivia-Alkemy/Info.plist";
				INFOPLIST_KEY_NSMainNibFile = InitialViewController;
				INFOPLIST_KEY_UIApplicationSupportsIndirectInputEvents = YES;
				INFOPLIST_KEY_UILaunchStoryboardName = LaunchScreen;
				INFOPLIST_KEY_UISupportedInterfaceOrientations_iPad = "UIInterfaceOrientationPortrait UIInterfaceOrientationPortraitUpsideDown UIInterfaceOrientationLandscapeLeft UIInterfaceOrientationLandscapeRight";
				INFOPLIST_KEY_UISupportedInterfaceOrientations_iPhone = "UIInterfaceOrientationPortrait UIInterfaceOrientationLandscapeLeft UIInterfaceOrientationLandscapeRight";
				LD_RUNPATH_SEARCH_PATHS = (
					"$(inherited)",
					"@executable_path/Frameworks",
				);
				MARKETING_VERSION = 1.0;
				PRODUCT_BUNDLE_IDENTIFIER = "com.santiagorodriguezaffonso.Trivia-Alkemy";
				PRODUCT_NAME = "$(TARGET_NAME)";
				SWIFT_EMIT_LOC_STRINGS = YES;
				SWIFT_VERSION = 5.0;
				TARGETED_DEVICE_FAMILY = "1,2";
			};
			name = Release;
		};
/* End XCBuildConfiguration section */

/* Begin XCConfigurationList section */
		A23518CE28366CA600BFD1E7 /* Build configuration list for PBXProject "Trivia-Alkemy" */ = {
			isa = XCConfigurationList;
			buildConfigurations = (
				A23518E528366CAD00BFD1E7 /* Debug */,
				A23518E628366CAD00BFD1E7 /* Release */,
			);
			defaultConfigurationIsVisible = 0;
			defaultConfigurationName = Release;
		};
		A23518E728366CAD00BFD1E7 /* Build configuration list for PBXNativeTarget "Trivia-Alkemy" */ = {
			isa = XCConfigurationList;
			buildConfigurations = (
				A23518E828366CAD00BFD1E7 /* Debug */,
				A23518E928366CAD00BFD1E7 /* Release */,
			);
			defaultConfigurationIsVisible = 0;
			defaultConfigurationName = Release;
		};
/* End XCConfigurationList section */
	};
	rootObject = A23518CB28366CA600BFD1E7 /* Project object */;
}
